// !$*UTF8*$!
{
	archiveVersion = 1;
	classes = {
	};
	objectVersion = 50;
	objects = {

/* Begin PBXBuildFile section */
		84DD23E325973B8D0038AFB9 /* Tests_iOS.swift in Sources */ = {isa = PBXBuildFile; fileRef = 84DD23E225973B8D0038AFB9 /* Tests_iOS.swift */; };
		84DD23EE25973B8D0038AFB9 /* Tests_macOS.swift in Sources */ = {isa = PBXBuildFile; fileRef = 84DD23ED25973B8D0038AFB9 /* Tests_macOS.swift */; };
		84DD23F025973B8D0038AFB9 /* Hackathon_ProjectApp.swift in Sources */ = {isa = PBXBuildFile; fileRef = 84DD23C725973B8C0038AFB9 /* Hackathon_ProjectApp.swift */; };
		84DD23F125973B8D0038AFB9 /* Hackathon_ProjectApp.swift in Sources */ = {isa = PBXBuildFile; fileRef = 84DD23C725973B8C0038AFB9 /* Hackathon_ProjectApp.swift */; };
		84DD23F225973B8D0038AFB9 /* ContentView.swift in Sources */ = {isa = PBXBuildFile; fileRef = 84DD23C825973B8C0038AFB9 /* ContentView.swift */; };
		84DD23F325973B8D0038AFB9 /* ContentView.swift in Sources */ = {isa = PBXBuildFile; fileRef = 84DD23C825973B8C0038AFB9 /* ContentView.swift */; };
		84DD23F425973B8D0038AFB9 /* Assets.xcassets in Resources */ = {isa = PBXBuildFile; fileRef = 84DD23C925973B8D0038AFB9 /* Assets.xcassets */; };
		84DD23F525973B8D0038AFB9 /* Assets.xcassets in Resources */ = {isa = PBXBuildFile; fileRef = 84DD23C925973B8D0038AFB9 /* Assets.xcassets */; };
/* End PBXBuildFile section */

/* Begin PBXContainerItemProxy section */
		84DD23DF25973B8D0038AFB9 /* PBXContainerItemProxy */ = {
			isa = PBXContainerItemProxy;
			containerPortal = 84DD23C225973B8C0038AFB9 /* Project object */;
			proxyType = 1;
			remoteGlobalIDString = 84DD23CD25973B8D0038AFB9;
			remoteInfo = "Hackathon_Project (iOS)";
		};
		84DD23EA25973B8D0038AFB9 /* PBXContainerItemProxy */ = {
			isa = PBXContainerItemProxy;
			containerPortal = 84DD23C225973B8C0038AFB9 /* Project object */;
			proxyType = 1;
			remoteGlobalIDString = 84DD23D525973B8D0038AFB9;
			remoteInfo = "Hackathon_Project (macOS)";
		};
/* End PBXContainerItemProxy section */

/* Begin PBXFileReference section */
		84DD23C725973B8C0038AFB9 /* Hackathon_ProjectApp.swift */ = {isa = PBXFileReference; lastKnownFileType = sourcecode.swift; path = Hackathon_ProjectApp.swift; sourceTree = "<group>"; };
		84DD23C825973B8C0038AFB9 /* ContentView.swift */ = {isa = PBXFileReference; lastKnownFileType = sourcecode.swift; path = ContentView.swift; sourceTree = "<group>"; };
		84DD23C925973B8D0038AFB9 /* Assets.xcassets */ = {isa = PBXFileReference; lastKnownFileType = folder.assetcatalog; path = Assets.xcassets; sourceTree = "<group>"; };
		84DD23CE25973B8D0038AFB9 /* Hackathon_Project.app */ = {isa = PBXFileReference; explicitFileType = wrapper.application; includeInIndex = 0; path = Hackathon_Project.app; sourceTree = BUILT_PRODUCTS_DIR; };
		84DD23D125973B8D0038AFB9 /* Info.plist */ = {isa = PBXFileReference; lastKnownFileType = text.plist.xml; path = Info.plist; sourceTree = "<group>"; };
		84DD23D625973B8D0038AFB9 /* Hackathon_Project.app */ = {isa = PBXFileReference; explicitFileType = wrapper.application; includeInIndex = 0; path = Hackathon_Project.app; sourceTree = BUILT_PRODUCTS_DIR; };
		84DD23D825973B8D0038AFB9 /* Info.plist */ = {isa = PBXFileReference; lastKnownFileType = text.plist.xml; path = Info.plist; sourceTree = "<group>"; };
		84DD23D925973B8D0038AFB9 /* macOS.entitlements */ = {isa = PBXFileReference; lastKnownFileType = text.plist.entitlements; path = macOS.entitlements; sourceTree = "<group>"; };
		84DD23DE25973B8D0038AFB9 /* Tests iOS.xctest */ = {isa = PBXFileReference; explicitFileType = wrapper.cfbundle; includeInIndex = 0; path = "Tests iOS.xctest"; sourceTree = BUILT_PRODUCTS_DIR; };
		84DD23E225973B8D0038AFB9 /* Tests_iOS.swift */ = {isa = PBXFileReference; lastKnownFileType = sourcecode.swift; path = Tests_iOS.swift; sourceTree = "<group>"; };
		84DD23E425973B8D0038AFB9 /* Info.plist */ = {isa = PBXFileReference; lastKnownFileType = text.plist.xml; path = Info.plist; sourceTree = "<group>"; };
		84DD23E925973B8D0038AFB9 /* Tests macOS.xctest */ = {isa = PBXFileReference; explicitFileType = wrapper.cfbundle; includeInIndex = 0; path = "Tests macOS.xctest"; sourceTree = BUILT_PRODUCTS_DIR; };
		84DD23ED25973B8D0038AFB9 /* Tests_macOS.swift */ = {isa = PBXFileReference; lastKnownFileType = sourcecode.swift; path = Tests_macOS.swift; sourceTree = "<group>"; };
		84DD23EF25973B8D0038AFB9 /* Info.plist */ = {isa = PBXFileReference; lastKnownFileType = text.plist.xml; path = Info.plist; sourceTree = "<group>"; };
/* End PBXFileReference section */

/* Begin PBXFrameworksBuildPhase section */
		84DD23CB25973B8D0038AFB9 /* Frameworks */ = {
			isa = PBXFrameworksBuildPhase;
			buildActionMask = 2147483647;
			files = (
			);
			runOnlyForDeploymentPostprocessing = 0;
		};
		84DD23D325973B8D0038AFB9 /* Frameworks */ = {
			isa = PBXFrameworksBuildPhase;
			buildActionMask = 2147483647;
			files = (
			);
			runOnlyForDeploymentPostprocessing = 0;
		};
		84DD23DB25973B8D0038AFB9 /* Frameworks */ = {
			isa = PBXFrameworksBuildPhase;
			buildActionMask = 2147483647;
			files = (
			);
			runOnlyForDeploymentPostprocessing = 0;
		};
		84DD23E625973B8D0038AFB9 /* Frameworks */ = {
			isa = PBXFrameworksBuildPhase;
			buildActionMask = 2147483647;
			files = (
			);
			runOnlyForDeploymentPostprocessing = 0;
		};
/* End PBXFrameworksBuildPhase section */

/* Begin PBXGroup section */
		84DD23C125973B8C0038AFB9 = {
			isa = PBXGroup;
			children = (
				84DD23C625973B8C0038AFB9 /* Shared */,
				84DD23D025973B8D0038AFB9 /* iOS */,
				84DD23D725973B8D0038AFB9 /* macOS */,
				84DD23E125973B8D0038AFB9 /* Tests iOS */,
				84DD23EC25973B8D0038AFB9 /* Tests macOS */,
				84DD23CF25973B8D0038AFB9 /* Products */,
			);
			sourceTree = "<group>";
		};
		84DD23C625973B8C0038AFB9 /* Shared */ = {
			isa = PBXGroup;
			children = (
				84DD23C725973B8C0038AFB9 /* Hackathon_ProjectApp.swift */,
				84DD23C825973B8C0038AFB9 /* ContentView.swift */,
				84DD23C925973B8D0038AFB9 /* Assets.xcassets */,
			);
			path = Shared;
			sourceTree = "<group>";
		};
		84DD23CF25973B8D0038AFB9 /* Products */ = {
			isa = PBXGroup;
			children = (
				84DD23CE25973B8D0038AFB9 /* Hackathon_Project.app */,
				84DD23D625973B8D0038AFB9 /* Hackathon_Project.app */,
				84DD23DE25973B8D0038AFB9 /* Tests iOS.xctest */,
				84DD23E925973B8D0038AFB9 /* Tests macOS.xctest */,
			);
			name = Products;
			sourceTree = "<group>";
		};
		84DD23D025973B8D0038AFB9 /* iOS */ = {
			isa = PBXGroup;
			children = (
				84DD23D125973B8D0038AFB9 /* Info.plist */,
			);
			path = iOS;
			sourceTree = "<group>";
		};
		84DD23D725973B8D0038AFB9 /* macOS */ = {
			isa = PBXGroup;
			children = (
				84DD23D825973B8D0038AFB9 /* Info.plist */,
				84DD23D925973B8D0038AFB9 /* macOS.entitlements */,
			);
			path = macOS;
			sourceTree = "<group>";
		};
		84DD23E125973B8D0038AFB9 /* Tests iOS */ = {
			isa = PBXGroup;
			children = (
				84DD23E225973B8D0038AFB9 /* Tests_iOS.swift */,
				84DD23E425973B8D0038AFB9 /* Info.plist */,
			);
			path = "Tests iOS";
			sourceTree = "<group>";
		};
		84DD23EC25973B8D0038AFB9 /* Tests macOS */ = {
			isa = PBXGroup;
			children = (
				84DD23ED25973B8D0038AFB9 /* Tests_macOS.swift */,
				84DD23EF25973B8D0038AFB9 /* Info.plist */,
			);
			path = "Tests macOS";
			sourceTree = "<group>";
		};
/* End PBXGroup section */

/* Begin PBXNativeTarget section */
		84DD23CD25973B8D0038AFB9 /* Hackathon_Project (iOS) */ = {
			isa = PBXNativeTarget;
			buildConfigurationList = 84DD23F825973B8D0038AFB9 /* Build configuration list for PBXNativeTarget "Hackathon_Project (iOS)" */;
			buildPhases = (
				84DD23CA25973B8D0038AFB9 /* Sources */,
				84DD23CB25973B8D0038AFB9 /* Frameworks */,
				84DD23CC25973B8D0038AFB9 /* Resources */,
			);
			buildRules = (
			);
			dependencies = (
			);
			name = "Hackathon_Project (iOS)";
			productName = "Hackathon_Project (iOS)";
			productReference = 84DD23CE25973B8D0038AFB9 /* Hackathon_Project.app */;
			productType = "com.apple.product-type.application";
		};
		84DD23D525973B8D0038AFB9 /* Hackathon_Project (macOS) */ = {
			isa = PBXNativeTarget;
			buildConfigurationList = 84DD23FB25973B8D0038AFB9 /* Build configuration list for PBXNativeTarget "Hackathon_Project (macOS)" */;
			buildPhases = (
				84DD23D225973B8D0038AFB9 /* Sources */,
				84DD23D325973B8D0038AFB9 /* Frameworks */,
				84DD23D425973B8D0038AFB9 /* Resources */,
			);
			buildRules = (
			);
			dependencies = (
			);
			name = "Hackathon_Project (macOS)";
			productName = "Hackathon_Project (macOS)";
			productReference = 84DD23D625973B8D0038AFB9 /* Hackathon_Project.app */;
			productType = "com.apple.product-type.application";
		};
		84DD23DD25973B8D0038AFB9 /* Tests iOS */ = {
			isa = PBXNativeTarget;
			buildConfigurationList = 84DD23FE25973B8D0038AFB9 /* Build configuration list for PBXNativeTarget "Tests iOS" */;
			buildPhases = (
				84DD23DA25973B8D0038AFB9 /* Sources */,
				84DD23DB25973B8D0038AFB9 /* Frameworks */,
				84DD23DC25973B8D0038AFB9 /* Resources */,
			);
			buildRules = (
			);
			dependencies = (
				84DD23E025973B8D0038AFB9 /* PBXTargetDependency */,
			);
			name = "Tests iOS";
			productName = "Tests iOS";
			productReference = 84DD23DE25973B8D0038AFB9 /* Tests iOS.xctest */;
			productType = "com.apple.product-type.bundle.ui-testing";
		};
		84DD23E825973B8D0038AFB9 /* Tests macOS */ = {
			isa = PBXNativeTarget;
			buildConfigurationList = 84DD240125973B8D0038AFB9 /* Build configuration list for PBXNativeTarget "Tests macOS" */;
			buildPhases = (
				84DD23E525973B8D0038AFB9 /* Sources */,
				84DD23E625973B8D0038AFB9 /* Frameworks */,
				84DD23E725973B8D0038AFB9 /* Resources */,
			);
			buildRules = (
			);
			dependencies = (
				84DD23EB25973B8D0038AFB9 /* PBXTargetDependency */,
			);
			name = "Tests macOS";
			productName = "Tests macOS";
			productReference = 84DD23E925973B8D0038AFB9 /* Tests macOS.xctest */;
			productType = "com.apple.product-type.bundle.ui-testing";
		};
/* End PBXNativeTarget section */

/* Begin PBXProject section */
		84DD23C225973B8C0038AFB9 /* Project object */ = {
			isa = PBXProject;
			attributes = {
				LastSwiftUpdateCheck = 1230;
				LastUpgradeCheck = 1230;
				TargetAttributes = {
					84DD23CD25973B8D0038AFB9 = {
						CreatedOnToolsVersion = 12.3;
					};
					84DD23D525973B8D0038AFB9 = {
						CreatedOnToolsVersion = 12.3;
					};
					84DD23DD25973B8D0038AFB9 = {
						CreatedOnToolsVersion = 12.3;
						TestTargetID = 84DD23CD25973B8D0038AFB9;
					};
					84DD23E825973B8D0038AFB9 = {
						CreatedOnToolsVersion = 12.3;
						TestTargetID = 84DD23D525973B8D0038AFB9;
					};
				};
			};
			buildConfigurationList = 84DD23C525973B8C0038AFB9 /* Build configuration list for PBXProject "Hackathon_Project" */;
			compatibilityVersion = "Xcode 9.3";
			developmentRegion = en;
			hasScannedForEncodings = 0;
			knownRegions = (
				en,
				Base,
			);
			mainGroup = 84DD23C125973B8C0038AFB9;
			productRefGroup = 84DD23CF25973B8D0038AFB9 /* Products */;
			projectDirPath = "";
			projectRoot = "";
			targets = (
				84DD23CD25973B8D0038AFB9 /* Hackathon_Project (iOS) */,
				84DD23D525973B8D0038AFB9 /* Hackathon_Project (macOS) */,
				84DD23DD25973B8D0038AFB9 /* Tests iOS */,
				84DD23E825973B8D0038AFB9 /* Tests macOS */,
			);
		};
/* End PBXProject section */

/* Begin PBXResourcesBuildPhase section */
		84DD23CC25973B8D0038AFB9 /* Resources */ = {
			isa = PBXResourcesBuildPhase;
			buildActionMask = 2147483647;
			files = (
				84DD23F425973B8D0038AFB9 /* Assets.xcassets in Resources */,
			);
			runOnlyForDeploymentPostprocessing = 0;
		};
		84DD23D425973B8D0038AFB9 /* Resources */ = {
			isa = PBXResourcesBuildPhase;
			buildActionMask = 2147483647;
			files = (
				84DD23F525973B8D0038AFB9 /* Assets.xcassets in Resources */,
			);
			runOnlyForDeploymentPostprocessing = 0;
		};
		84DD23DC25973B8D0038AFB9 /* Resources */ = {
			isa = PBXResourcesBuildPhase;
			buildActionMask = 2147483647;
			files = (
			);
			runOnlyForDeploymentPostprocessing = 0;
		};
		84DD23E725973B8D0038AFB9 /* Resources */ = {
			isa = PBXResourcesBuildPhase;
			buildActionMask = 2147483647;
			files = (
			);
			runOnlyForDeploymentPostprocessing = 0;
		};
/* End PBXResourcesBuildPhase section */

/* Begin PBXSourcesBuildPhase section */
		84DD23CA25973B8D0038AFB9 /* Sources */ = {
			isa = PBXSourcesBuildPhase;
			buildActionMask = 2147483647;
			files = (
				84DD23F225973B8D0038AFB9 /* ContentView.swift in Sources */,
				84DD23F025973B8D0038AFB9 /* Hackathon_ProjectApp.swift in Sources */,
			);
			runOnlyForDeploymentPostprocessing = 0;
		};
		84DD23D225973B8D0038AFB9 /* Sources */ = {
			isa = PBXSourcesBuildPhase;
			buildActionMask = 2147483647;
			files = (
				84DD23F325973B8D0038AFB9 /* ContentView.swift in Sources */,
				84DD23F125973B8D0038AFB9 /* Hackathon_ProjectApp.swift in Sources */,
			);
			runOnlyForDeploymentPostprocessing = 0;
		};
		84DD23DA25973B8D0038AFB9 /* Sources */ = {
			isa = PBXSourcesBuildPhase;
			buildActionMask = 2147483647;
			files = (
				84DD23E325973B8D0038AFB9 /* Tests_iOS.swift in Sources */,
			);
			runOnlyForDeploymentPostprocessing = 0;
		};
		84DD23E525973B8D0038AFB9 /* Sources */ = {
			isa = PBXSourcesBuildPhase;
			buildActionMask = 2147483647;
			files = (
				84DD23EE25973B8D0038AFB9 /* Tests_macOS.swift in Sources */,
			);
			runOnlyForDeploymentPostprocessing = 0;
		};
/* End PBXSourcesBuildPhase section */

/* Begin PBXTargetDependency section */
		84DD23E025973B8D0038AFB9 /* PBXTargetDependency */ = {
			isa = PBXTargetDependency;
			target = 84DD23CD25973B8D0038AFB9 /* Hackathon_Project (iOS) */;
			targetProxy = 84DD23DF25973B8D0038AFB9 /* PBXContainerItemProxy */;
		};
		84DD23EB25973B8D0038AFB9 /* PBXTargetDependency */ = {
			isa = PBXTargetDependency;
			target = 84DD23D525973B8D0038AFB9 /* Hackathon_Project (macOS) */;
			targetProxy = 84DD23EA25973B8D0038AFB9 /* PBXContainerItemProxy */;
		};
/* End PBXTargetDependency section */

/* Begin XCBuildConfiguration section */
		84DD23F625973B8D0038AFB9 /* Debug */ = {
			isa = XCBuildConfiguration;
			buildSettings = {
				ALWAYS_SEARCH_USER_PATHS = NO;
				CLANG_ANALYZER_NONNULL = YES;
				CLANG_ANALYZER_NUMBER_OBJECT_CONVERSION = YES_AGGRESSIVE;
				CLANG_CXX_LANGUAGE_STANDARD = "gnu++14";
				CLANG_CXX_LIBRARY = "libc++";
				CLANG_ENABLE_MODULES = YES;
				CLANG_ENABLE_OBJC_ARC = YES;
				CLANG_ENABLE_OBJC_WEAK = YES;
				CLANG_WARN_BLOCK_CAPTURE_AUTORELEASING = YES;
				CLANG_WARN_BOOL_CONVERSION = YES;
				CLANG_WARN_COMMA = YES;
				CLANG_WARN_CONSTANT_CONVERSION = YES;
				CLANG_WARN_DEPRECATED_OBJC_IMPLEMENTATIONS = YES;
				CLANG_WARN_DIRECT_OBJC_ISA_USAGE = YES_ERROR;
				CLANG_WARN_DOCUMENTATION_COMMENTS = YES;
				CLANG_WARN_EMPTY_BODY = YES;
				CLANG_WARN_ENUM_CONVERSION = YES;
				CLANG_WARN_INFINITE_RECURSION = YES;
				CLANG_WARN_INT_CONVERSION = YES;
				CLANG_WARN_NON_LITERAL_NULL_CONVERSION = YES;
				CLANG_WARN_OBJC_IMPLICIT_RETAIN_SELF = YES;
				CLANG_WARN_OBJC_LITERAL_CONVERSION = YES;
				CLANG_WARN_OBJC_ROOT_CLASS = YES_ERROR;
				CLANG_WARN_QUOTED_INCLUDE_IN_FRAMEWORK_HEADER = YES;
				CLANG_WARN_RANGE_LOOP_ANALYSIS = YES;
				CLANG_WARN_STRICT_PROTOTYPES = YES;
				CLANG_WARN_SUSPICIOUS_MOVE = YES;
				CLANG_WARN_UNGUARDED_AVAILABILITY = YES_AGGRESSIVE;
				CLANG_WARN_UNREACHABLE_CODE = YES;
				CLANG_WARN__DUPLICATE_METHOD_MATCH = YES;
				COPY_PHASE_STRIP = NO;
				DEBUG_INFORMATION_FORMAT = dwarf;
				ENABLE_STRICT_OBJC_MSGSEND = YES;
				ENABLE_TESTABILITY = YES;
				GCC_C_LANGUAGE_STANDARD = gnu11;
				GCC_DYNAMIC_NO_PIC = NO;
				GCC_NO_COMMON_BLOCKS = YES;
				GCC_OPTIMIZATION_LEVEL = 0;
				GCC_PREPROCESSOR_DEFINITIONS = (
					"DEBUG=1",
					"$(inherited)",
				);
				GCC_WARN_64_TO_32_BIT_CONVERSION = YES;
				GCC_WARN_ABOUT_RETURN_TYPE = YES_ERROR;
				GCC_WARN_UNDECLARED_SELECTOR = YES;
				GCC_WARN_UNINITIALIZED_AUTOS = YES_AGGRESSIVE;
				GCC_WARN_UNUSED_FUNCTION = YES;
				GCC_WARN_UNUSED_VARIABLE = YES;
				MTL_ENABLE_DEBUG_INFO = INCLUDE_SOURCE;
				MTL_FAST_MATH = YES;
				ONLY_ACTIVE_ARCH = YES;
				SWIFT_ACTIVE_COMPILATION_CONDITIONS = DEBUG;
				SWIFT_OPTIMIZATION_LEVEL = "-Onone";
			};
			name = Debug;
		};
		84DD23F725973B8D0038AFB9 /* Release */ = {
			isa = XCBuildConfiguration;
			buildSettings = {
				ALWAYS_SEARCH_USER_PATHS = NO;
				CLANG_ANALYZER_NONNULL = YES;
				CLANG_ANALYZER_NUMBER_OBJECT_CONVERSION = YES_AGGRESSIVE;
				CLANG_CXX_LANGUAGE_STANDARD = "gnu++14";
				CLANG_CXX_LIBRARY = "libc++";
				CLANG_ENABLE_MODULES = YES;
				CLANG_ENABLE_OBJC_ARC = YES;
				CLANG_ENABLE_OBJC_WEAK = YES;
				CLANG_WARN_BLOCK_CAPTURE_AUTORELEASING = YES;
				CLANG_WARN_BOOL_CONVERSION = YES;
				CLANG_WARN_COMMA = YES;
				CLANG_WARN_CONSTANT_CONVERSION = YES;
				CLANG_WARN_DEPRECATED_OBJC_IMPLEMENTATIONS = YES;
				CLANG_WARN_DIRECT_OBJC_ISA_USAGE = YES_ERROR;
				CLANG_WARN_DOCUMENTATION_COMMENTS = YES;
				CLANG_WARN_EMPTY_BODY = YES;
				CLANG_WARN_ENUM_CONVERSION = YES;
				CLANG_WARN_INFINITE_RECURSION = YES;
				CLANG_WARN_INT_CONVERSION = YES;
				CLANG_WARN_NON_LITERAL_NULL_CONVERSION = YES;
				CLANG_WARN_OBJC_IMPLICIT_RETAIN_SELF = YES;
				CLANG_WARN_OBJC_LITERAL_CONVERSION = YES;
				CLANG_WARN_OBJC_ROOT_CLASS = YES_ERROR;
				CLANG_WARN_QUOTED_INCLUDE_IN_FRAMEWORK_HEADER = YES;
				CLANG_WARN_RANGE_LOOP_ANALYSIS = YES;
				CLANG_WARN_STRICT_PROTOTYPES = YES;
				CLANG_WARN_SUSPICIOUS_MOVE = YES;
				CLANG_WARN_UNGUARDED_AVAILABILITY = YES_AGGRESSIVE;
				CLANG_WARN_UNREACHABLE_CODE = YES;
				CLANG_WARN__DUPLICATE_METHOD_MATCH = YES;
				COPY_PHASE_STRIP = NO;
				DEBUG_INFORMATION_FORMAT = "dwarf-with-dsym";
				ENABLE_NS_ASSERTIONS = NO;
				ENABLE_STRICT_OBJC_MSGSEND = YES;
				GCC_C_LANGUAGE_STANDARD = gnu11;
				GCC_NO_COMMON_BLOCKS = YES;
				GCC_WARN_64_TO_32_BIT_CONVERSION = YES;
				GCC_WARN_ABOUT_RETURN_TYPE = YES_ERROR;
				GCC_WARN_UNDECLARED_SELECTOR = YES;
				GCC_WARN_UNINITIALIZED_AUTOS = YES_AGGRESSIVE;
				GCC_WARN_UNUSED_FUNCTION = YES;
				GCC_WARN_UNUSED_VARIABLE = YES;
				MTL_ENABLE_DEBUG_INFO = NO;
				MTL_FAST_MATH = YES;
				SWIFT_COMPILATION_MODE = wholemodule;
				SWIFT_OPTIMIZATION_LEVEL = "-O";
			};
			name = Release;
		};
		84DD23F925973B8D0038AFB9 /* Debug */ = {
			isa = XCBuildConfiguration;
			buildSettings = {
				ASSETCATALOG_COMPILER_APPICON_NAME = AppIcon;
				ASSETCATALOG_COMPILER_GLOBAL_ACCENT_COLOR_NAME = AccentColor;
				CODE_SIGN_STYLE = Automatic;
				DEVELOPMENT_TEAM = RGK9C6FEV9;
				ENABLE_PREVIEWS = YES;
				INFOPLIST_FILE = iOS/Info.plist;
				IPHONEOS_DEPLOYMENT_TARGET = 14.0;
				LD_RUNPATH_SEARCH_PATHS = (
					"$(inherited)",
					"@executable_path/Frameworks",
				);
				PRODUCT_BUNDLE_IDENTIFIER = "Tech4Good.Hackathon-Project";
				PRODUCT_NAME = Hackathon_Project;
				SDKROOT = iphoneos;
				SWIFT_VERSION = 5.0;
				TARGETED_DEVICE_FAMILY = 1;
			};
			name = Debug;
		};
		84DD23FA25973B8D0038AFB9 /* Release */ = {
			isa = XCBuildConfiguration;
			buildSettings = {
				ASSETCATALOG_COMPILER_APPICON_NAME = AppIcon;
				ASSETCATALOG_COMPILER_GLOBAL_ACCENT_COLOR_NAME = AccentColor;
				CODE_SIGN_STYLE = Automatic;
				DEVELOPMENT_TEAM = RGK9C6FEV9;
				ENABLE_PREVIEWS = YES;
				INFOPLIST_FILE = iOS/Info.plist;
				IPHONEOS_DEPLOYMENT_TARGET = 14.0;
				LD_RUNPATH_SEARCH_PATHS = (
					"$(inherited)",
					"@executable_path/Frameworks",
				);
				PRODUCT_BUNDLE_IDENTIFIER = "Tech4Good.Hackathon-Project";
				PRODUCT_NAME = Hackathon_Project;
				SDKROOT = iphoneos;
				SWIFT_VERSION = 5.0;
				TARGETED_DEVICE_FAMILY = 1;
				VALIDATE_PRODUCT = YES;
			};
			name = Release;
		};
		84DD23FC25973B8D0038AFB9 /* Debug */ = {
			isa = XCBuildConfiguration;
			buildSettings = {
				ASSETCATALOG_COMPILER_APPICON_NAME = AppIcon;
				ASSETCATALOG_COMPILER_GLOBAL_ACCENT_COLOR_NAME = AccentColor;
				CODE_SIGN_ENTITLEMENTS = macOS/macOS.entitlements;
				CODE_SIGN_STYLE = Automatic;
				COMBINE_HIDPI_IMAGES = YES;
				DEVELOPMENT_TEAM = RGK9C6FEV9;
				ENABLE_PREVIEWS = YES;
				INFOPLIST_FILE = macOS/Info.plist;
				LD_RUNPATH_SEARCH_PATHS = (
					"$(inherited)",
					"@executable_path/../Frameworks",
				);
				MACOSX_DEPLOYMENT_TARGET = 11.0;
				PRODUCT_BUNDLE_IDENTIFIER = "Tech4Good.Hackathon-Project";
				PRODUCT_NAME = Hackathon_Project;
				SDKROOT = macosx;
				SWIFT_VERSION = 5.0;
			};
			name = Debug;
		};
		84DD23FD25973B8D0038AFB9 /* Release */ = {
			isa = XCBuildConfiguration;
			buildSettings = {
				ASSETCATALOG_COMPILER_APPICON_NAME = AppIcon;
				ASSETCATALOG_COMPILER_GLOBAL_ACCENT_COLOR_NAME = AccentColor;
				CODE_SIGN_ENTITLEMENTS = macOS/macOS.entitlements;
				CODE_SIGN_STYLE = Automatic;
				COMBINE_HIDPI_IMAGES = YES;
				DEVELOPMENT_TEAM = RGK9C6FEV9;
				ENABLE_PREVIEWS = YES;
				INFOPLIST_FILE = macOS/Info.plist;
				LD_RUNPATH_SEARCH_PATHS = (
					"$(inherited)",
					"@executable_path/../Frameworks",
				);
				MACOSX_DEPLOYMENT_TARGET = 11.0;
				PRODUCT_BUNDLE_IDENTIFIER = "Tech4Good.Hackathon-Project";
				PRODUCT_NAME = Hackathon_Project;
				SDKROOT = macosx;
				SWIFT_VERSION = 5.0;
			};
			name = Release;
		};
		84DD23FF25973B8D0038AFB9 /* Debug */ = {
			isa = XCBuildConfiguration;
			buildSettings = {
				ALWAYS_EMBED_SWIFT_STANDARD_LIBRARIES = YES;
				CODE_SIGN_STYLE = Automatic;
				INFOPLIST_FILE = "Tests iOS/Info.plist";
				IPHONEOS_DEPLOYMENT_TARGET = 14.3;
				LD_RUNPATH_SEARCH_PATHS = (
					"$(inherited)",
					"@executable_path/Frameworks",
					"@loader_path/Frameworks",
				);
				PRODUCT_BUNDLE_IDENTIFIER = "Tech4Good.Tests-iOS";
				PRODUCT_NAME = "$(TARGET_NAME)";
				SDKROOT = iphoneos;
				SWIFT_VERSION = 5.0;
				TARGETED_DEVICE_FAMILY = "1,2";
				TEST_TARGET_NAME = "Hackathon_Project (iOS)";
			};
			name = Debug;
		};
		84DD240025973B8D0038AFB9 /* Release */ = {
			isa = XCBuildConfiguration;
			buildSettings = {
				ALWAYS_EMBED_SWIFT_STANDARD_LIBRARIES = YES;
				CODE_SIGN_STYLE = Automatic;
				INFOPLIST_FILE = "Tests iOS/Info.plist";
				IPHONEOS_DEPLOYMENT_TARGET = 14.3;
				LD_RUNPATH_SEARCH_PATHS = (
					"$(inherited)",
					"@executable_path/Frameworks",
					"@loader_path/Frameworks",
				);
				PRODUCT_BUNDLE_IDENTIFIER = "Tech4Good.Tests-iOS";
				PRODUCT_NAME = "$(TARGET_NAME)";
				SDKROOT = iphoneos;
				SWIFT_VERSION = 5.0;
				TARGETED_DEVICE_FAMILY = "1,2";
				TEST_TARGET_NAME = "Hackathon_Project (iOS)";
				VALIDATE_PRODUCT = YES;
			};
			name = Release;
		};
		84DD240225973B8D0038AFB9 /* Debug */ = {
			isa = XCBuildConfiguration;
			buildSettings = {
				ALWAYS_EMBED_SWIFT_STANDARD_LIBRARIES = YES;
				CODE_SIGN_STYLE = Automatic;
				COMBINE_HIDPI_IMAGES = YES;
				INFOPLIST_FILE = "Tests macOS/Info.plist";
				LD_RUNPATH_SEARCH_PATHS = (
					"$(inherited)",
					"@executable_path/../Frameworks",
					"@loader_path/../Frameworks",
				);
				MACOSX_DEPLOYMENT_TARGET = 10.15;
				PRODUCT_BUNDLE_IDENTIFIER = "Tech4Good.Tests-macOS";
				PRODUCT_NAME = "$(TARGET_NAME)";
				SDKROOT = macosx;
				SWIFT_VERSION = 5.0;
				TEST_TARGET_NAME = "Hackathon_Project (macOS)";
			};
			name = Debug;
		};
		84DD240325973B8D0038AFB9 /* Release */ = {
			isa = XCBuildConfiguration;
			buildSettings = {
				ALWAYS_EMBED_SWIFT_STANDARD_LIBRARIES = YES;
				CODE_SIGN_STYLE = Automatic;
				COMBINE_HIDPI_IMAGES = YES;
				INFOPLIST_FILE = "Tests macOS/Info.plist";
				LD_RUNPATH_SEARCH_PATHS = (
					"$(inherited)",
					"@executable_path/../Frameworks",
					"@loader_path/../Frameworks",
				);
				MACOSX_DEPLOYMENT_TARGET = 10.15;
				PRODUCT_BUNDLE_IDENTIFIER = "Tech4Good.Tests-macOS";
				PRODUCT_NAME = "$(TARGET_NAME)";
				SDKROOT = macosx;
				SWIFT_VERSION = 5.0;
				TEST_TARGET_NAME = "Hackathon_Project (macOS)";
			};
			name = Release;
		};
/* End XCBuildConfiguration section */

/* Begin XCConfigurationList section */
		84DD23C525973B8C0038AFB9 /* Build configuration list for PBXProject "Hackathon_Project" */ = {
			isa = XCConfigurationList;
			buildConfigurations = (
				84DD23F625973B8D0038AFB9 /* Debug */,
				84DD23F725973B8D0038AFB9 /* Release */,
			);
			defaultConfigurationIsVisible = 0;
			defaultConfigurationName = Release;
		};
		84DD23F825973B8D0038AFB9 /* Build configuration list for PBXNativeTarget "Hackathon_Project (iOS)" */ = {
			isa = XCConfigurationList;
			buildConfigurations = (
				84DD23F925973B8D0038AFB9 /* Debug */,
				84DD23FA25973B8D0038AFB9 /* Release */,
			);
			defaultConfigurationIsVisible = 0;
			defaultConfigurationName = Release;
		};
		84DD23FB25973B8D0038AFB9 /* Build configuration list for PBXNativeTarget "Hackathon_Project (macOS)" */ = {
			isa = XCConfigurationList;
			buildConfigurations = (
				84DD23FC25973B8D0038AFB9 /* Debug */,
				84DD23FD25973B8D0038AFB9 /* Release */,
			);
			defaultConfigurationIsVisible = 0;
			defaultConfigurationName = Release;
		};
		84DD23FE25973B8D0038AFB9 /* Build configuration list for PBXNativeTarget "Tests iOS" */ = {
			isa = XCConfigurationList;
			buildConfigurations = (
				84DD23FF25973B8D0038AFB9 /* Debug */,
				84DD240025973B8D0038AFB9 /* Release */,
			);
			defaultConfigurationIsVisible = 0;
			defaultConfigurationName = Release;
		};
		84DD240125973B8D0038AFB9 /* Build configuration list for PBXNativeTarget "Tests macOS" */ = {
			isa = XCConfigurationList;
			buildConfigurations = (
				84DD240225973B8D0038AFB9 /* Debug */,
				84DD240325973B8D0038AFB9 /* Release */,
			);
			defaultConfigurationIsVisible = 0;
			defaultConfigurationName = Release;
		};
/* End XCConfigurationList section */
	};
	rootObject = 84DD23C225973B8C0038AFB9 /* Project object */;
}
